
Microsoft Visual Studio Solution File, Format Version 12.00
# Visual Studio Version 17
VisualStudioVersion = 17.5.33530.505
MinimumVisualStudioVersion = 10.0.40219.1
Project("{FAE04EC0-301F-11D3-BF4B-00C04F79EFBC}") = "MaiorMenorValor", "MaiorMenorValor\MaiorMenorValor.csproj", "{39B19FBD-0297-45CF-B8E3-216031AC47B6}"
EndProject
Global
	GlobalSection(SolutionConfigurationPlatforms) = preSolution
		Debug|Any CPU = Debug|Any CPU
		Release|Any CPU = Release|Any CPU
	EndGlobalSection
	GlobalSection(ProjectConfigurationPlatforms) = postSolution
		{39B19FBD-0297-45CF-B8E3-216031AC47B6}.Debug|Any CPU.ActiveCfg = Debug|Any CPU
		{39B19FBD-0297-45CF-B8E3-216031AC47B6}.Debug|Any CPU.Build.0 = Debug|Any CPU
		{39B19FBD-0297-45CF-B8E3-216031AC47B6}.Release|Any CPU.ActiveCfg = Release|Any CPU
		{39B19FBD-0297-45CF-B8E3-216031AC47B6}.Release|Any CPU.Build.0 = Release|Any CPU
	EndGlobalSection
	GlobalSection(SolutionProperties) = preSolution
		HideSolutionNode = FALSE
	EndGlobalSection
	GlobalSection(ExtensibilityGlobals) = postSolution
		SolutionGuid = {2E303F46-FE05-416F-9471-1C2CA3241D67}
	EndGlobalSection
EndGlobal
