
Microsoft Visual Studio Solution File, Format Version 12.00
# Visual Studio Version 17
VisualStudioVersion = 17.5.33530.505
MinimumVisualStudioVersion = 10.0.40219.1
Project("{FAE04EC0-301F-11D3-BF4B-00C04F79EFBC}") = "ContagemDeElementos", "ContagemDeElementos\ContagemDeElementos.csproj", "{83D0E973-C7BB-4929-9A51-E626EE95C44B}"
EndProject
Global
	GlobalSection(SolutionConfigurationPlatforms) = preSolution
		Debug|Any CPU = Debug|Any CPU
		Release|Any CPU = Release|Any CPU
	EndGlobalSection
	GlobalSection(ProjectConfigurationPlatforms) = postSolution
		{83D0E973-C7BB-4929-9A51-E626EE95C44B}.Debug|Any CPU.ActiveCfg = Debug|Any CPU
		{83D0E973-C7BB-4929-9A51-E626EE95C44B}.Debug|Any CPU.Build.0 = Debug|Any CPU
		{83D0E973-C7BB-4929-9A51-E626EE95C44B}.Release|Any CPU.ActiveCfg = Release|Any CPU
		{83D0E973-C7BB-4929-9A51-E626EE95C44B}.Release|Any CPU.Build.0 = Release|Any CPU
	EndGlobalSection
	GlobalSection(SolutionProperties) = preSolution
		HideSolutionNode = FALSE
	EndGlobalSection
	GlobalSection(ExtensibilityGlobals) = postSolution
		SolutionGuid = {E7C69796-3DFA-4B53-BEB3-D910173FA1D7}
	EndGlobalSection
EndGlobal
