
Microsoft Visual Studio Solution File, Format Version 12.00
# Visual Studio Version 17
VisualStudioVersion = 17.5.33530.505
MinimumVisualStudioVersion = 10.0.40219.1
Project("{FAE04EC0-301F-11D3-BF4B-00C04F79EFBC}") = "MaiorElementoPorLinha", "MaiorElementoPorLinha\MaiorElementoPorLinha.csproj", "{5FEE3447-3937-444F-9F91-2ECB6BB0987F}"
EndProject
Global
	GlobalSection(SolutionConfigurationPlatforms) = preSolution
		Debug|Any CPU = Debug|Any CPU
		Release|Any CPU = Release|Any CPU
	EndGlobalSection
	GlobalSection(ProjectConfigurationPlatforms) = postSolution
		{5FEE3447-3937-444F-9F91-2ECB6BB0987F}.Debug|Any CPU.ActiveCfg = Debug|Any CPU
		{5FEE3447-3937-444F-9F91-2ECB6BB0987F}.Debug|Any CPU.Build.0 = Debug|Any CPU
		{5FEE3447-3937-444F-9F91-2ECB6BB0987F}.Release|Any CPU.ActiveCfg = Release|Any CPU
		{5FEE3447-3937-444F-9F91-2ECB6BB0987F}.Release|Any CPU.Build.0 = Release|Any CPU
	EndGlobalSection
	GlobalSection(SolutionProperties) = preSolution
		HideSolutionNode = FALSE
	EndGlobalSection
	GlobalSection(ExtensibilityGlobals) = postSolution
		SolutionGuid = {86677BAB-7E4E-4FAF-B8EA-4348D2877A7E}
	EndGlobalSection
EndGlobal
