
Microsoft Visual Studio Solution File, Format Version 12.00
# Visual Studio Version 17
VisualStudioVersion = 17.6.33829.357
MinimumVisualStudioVersion = 10.0.40219.1
Project("{FAE04EC0-301F-11D3-BF4B-00C04F79EFBC}") = "VerificacaoDeNumeroPrimo", "VerificacaoDeNumeroPrimo\VerificacaoDeNumeroPrimo.csproj", "{B38A78C4-2CD4-4129-9861-062B70E25B77}"
EndProject
Global
	GlobalSection(SolutionConfigurationPlatforms) = preSolution
		Debug|Any CPU = Debug|Any CPU
		Release|Any CPU = Release|Any CPU
	EndGlobalSection
	GlobalSection(ProjectConfigurationPlatforms) = postSolution
		{B38A78C4-2CD4-4129-9861-062B70E25B77}.Debug|Any CPU.ActiveCfg = Debug|Any CPU
		{B38A78C4-2CD4-4129-9861-062B70E25B77}.Debug|Any CPU.Build.0 = Debug|Any CPU
		{B38A78C4-2CD4-4129-9861-062B70E25B77}.Release|Any CPU.ActiveCfg = Release|Any CPU
		{B38A78C4-2CD4-4129-9861-062B70E25B77}.Release|Any CPU.Build.0 = Release|Any CPU
	EndGlobalSection
	GlobalSection(SolutionProperties) = preSolution
		HideSolutionNode = FALSE
	EndGlobalSection
	GlobalSection(ExtensibilityGlobals) = postSolution
		SolutionGuid = {BD5810FF-255B-4E0F-A674-95C3BE10938B}
	EndGlobalSection
EndGlobal
